
Microsoft Visual Studio Solution File, Format Version 12.00
# Visual Studio Version 17
VisualStudioVersion = 17.0.31919.166
MinimumVisualStudioVersion = 10.0.40219.1
Project("{2150E333-8FDC-42A3-9474-1A3956D46DE8}") = "src", "src", "{827E0CD3-B72D-47B6-A68D-7590B98EB39B}"
EndProject
Project("{FAE04EC0-301F-11D3-BF4B-00C04F79EFBC}") = "Oversight.Core", "src\Oversight.Core\Oversight.Core.csproj", "{EAFAFA1D-8582-4FC5-9E65-9577830FDDD3}"
EndProject
Project("{FAE04EC0-301F-11D3-BF4B-00C04F79EFBC}") = "Oversight.AspNetCore", "src\Oversight.AspNetCore\Oversight.AspNetCore.csproj", "{C869C6D9-F8AB-4CEE-AD14-1515EFB4AE0B}"
EndProject
Project("{FAE04EC0-301F-11D3-BF4B-00C04F79EFBC}") = "Oversight.EntityFrameworkCore", "src\Oversight.EntityFrameworkCore\Oversight.EntityFrameworkCore.csproj", "{F183F6CC-BEB6-4071-A1A2-0ED62EF3A9A0}"
EndProject
Project("{FAE04EC0-301F-11D3-BF4B-00C04F79EFBC}") = "Oversight", "src\Oversight\Oversight.csproj", "{AF5E5620-99AD-4E48-B301-F05D80907586}"
EndProject
Project("{2150E333-8FDC-42A3-9474-1A3956D46DE8}") = "tests", "tests", "{0AB3BF05-4346-4AA6-1389-037BE0695223}"
EndProject
Project("{FAE04EC0-301F-11D3-BF4B-00C04F79EFBC}") = "Oversight.Core.Tests", "tests\Oversight.Core.Tests\Oversight.Core.Tests.csproj", "{214D1531-4EDD-4B8C-BEC5-3409A3948C9B}"
EndProject
Project("{FAE04EC0-301F-11D3-BF4B-00C04F79EFBC}") = "Oversight.AspNetCore.Tests", "tests\Oversight.AspNetCore.Tests\Oversight.AspNetCore.Tests.csproj", "{193CF200-0236-48F3-8C0B-FB0BDADAD911}"
EndProject
Project("{FAE04EC0-301F-11D3-BF4B-00C04F79EFBC}") = "Oversight.EntityFrameworkCore.Tests", "tests\Oversight.EntityFrameworkCore.Tests\Oversight.EntityFrameworkCore.Tests.csproj", "{1271A470-7AD0-412D-815A-B8550F545C4C}"
EndProject
Project("{FAE04EC0-301F-11D3-BF4B-00C04F79EFBC}") = "Oversight.Tests", "tests\Oversight.Tests\Oversight.Tests.csproj", "{9EF4027E-CE35-47BF-911A-4B648F2B78AC}"
EndProject
Project("{FAE04EC0-301F-11D3-BF4B-00C04F79EFBC}") = "Oversight.TestApp", "tests\Oversight.TestApp\Oversight.TestApp.csproj", "{A95E604A-E680-4001-88D2-BE6DA864A840}"
EndProject
Project("{FAE04EC0-301F-11D3-BF4B-00C04F79EFBC}") = "Oversight.IntegrationTests", "tests\Oversight.IntegrationTests\Oversight.IntegrationTests.csproj", "{A541F154-EDC7-46DF-BD35-00AE9A0FB9EE}"
EndProject
Project("{2150E333-8FDC-42A3-9474-1A3956D46DE8}") = "samples", "samples", "{5D20AA90-6969-D8BD-9DCD-8634F4692FDA}"
EndProject
Project("{FAE04EC0-301F-11D3-BF4B-00C04F79EFBC}") = "Oversight.Sample.Api", "samples\Oversight.Sample.Api\Oversight.Sample.Api.csproj", "{2A7C3351-4133-4A0E-B4DB-C2803ABE6802}"
EndProject
Global
	GlobalSection(SolutionConfigurationPlatforms) = preSolution
		Debug|Any CPU = Debug|Any CPU
		Debug|x64 = Debug|x64
		Debug|x86 = Debug|x86
		Release|Any CPU = Release|Any CPU
		Release|x64 = Release|x64
		Release|x86 = Release|x86
	EndGlobalSection
	GlobalSection(ProjectConfigurationPlatforms) = postSolution
		{EAFAFA1D-8582-4FC5-9E65-9577830FDDD3}.Debug|Any CPU.ActiveCfg = Debug|Any CPU
		{EAFAFA1D-8582-4FC5-9E65-9577830FDDD3}.Debug|Any CPU.Build.0 = Debug|Any CPU
		{EAFAFA1D-8582-4FC5-9E65-9577830FDDD3}.Debug|x64.ActiveCfg = Debug|Any CPU
		{EAFAFA1D-8582-4FC5-9E65-9577830FDDD3}.Debug|x64.Build.0 = Debug|Any CPU
		{EAFAFA1D-8582-4FC5-9E65-9577830FDDD3}.Debug|x86.ActiveCfg = Debug|Any CPU
		{EAFAFA1D-8582-4FC5-9E65-9577830FDDD3}.Debug|x86.Build.0 = Debug|Any CPU
		{EAFAFA1D-8582-4FC5-9E65-9577830FDDD3}.Release|Any CPU.ActiveCfg = Release|Any CPU
		{EAFAFA1D-8582-4FC5-9E65-9577830FDDD3}.Release|Any CPU.Build.0 = Release|Any CPU
		{EAFAFA1D-8582-4FC5-9E65-9577830FDDD3}.Release|x64.ActiveCfg = Release|Any CPU
		{EAFAFA1D-8582-4FC5-9E65-9577830FDDD3}.Release|x64.Build.0 = Release|Any CPU
		{EAFAFA1D-8582-4FC5-9E65-9577830FDDD3}.Release|x86.ActiveCfg = Release|Any CPU
		{EAFAFA1D-8582-4FC5-9E65-9577830FDDD3}.Release|x86.Build.0 = Release|Any CPU
		{C869C6D9-F8AB-4CEE-AD14-1515EFB4AE0B}.Debug|Any CPU.ActiveCfg = Debug|Any CPU
		{C869C6D9-F8AB-4CEE-AD14-1515EFB4AE0B}.Debug|Any CPU.Build.0 = Debug|Any CPU
		{C869C6D9-F8AB-4CEE-AD14-1515EFB4AE0B}.Debug|x64.ActiveCfg = Debug|Any CPU
		{C869C6D9-F8AB-4CEE-AD14-1515EFB4AE0B}.Debug|x64.Build.0 = Debug|Any CPU
		{C869C6D9-F8AB-4CEE-AD14-1515EFB4AE0B}.Debug|x86.ActiveCfg = Debug|Any CPU
		{C869C6D9-F8AB-4CEE-AD14-1515EFB4AE0B}.Debug|x86.Build.0 = Debug|Any CPU
		{C869C6D9-F8AB-4CEE-AD14-1515EFB4AE0B}.Release|Any CPU.ActiveCfg = Release|Any CPU
		{C869C6D9-F8AB-4CEE-AD14-1515EFB4AE0B}.Release|Any CPU.Build.0 = Release|Any CPU
		{C869C6D9-F8AB-4CEE-AD14-1515EFB4AE0B}.Release|x64.ActiveCfg = Release|Any CPU
		{C869C6D9-F8AB-4CEE-AD14-1515EFB4AE0B}.Release|x64.Build.0 = Release|Any CPU
		{C869C6D9-F8AB-4CEE-AD14-1515EFB4AE0B}.Release|x86.ActiveCfg = Release|Any CPU
		{C869C6D9-F8AB-4CEE-AD14-1515EFB4AE0B}.Release|x86.Build.0 = Release|Any CPU
		{F183F6CC-BEB6-4071-A1A2-0ED62EF3A9A0}.Debug|Any CPU.ActiveCfg = Debug|Any CPU
		{F183F6CC-BEB6-4071-A1A2-0ED62EF3A9A0}.Debug|Any CPU.Build.0 = Debug|Any CPU
		{F183F6CC-BEB6-4071-A1A2-0ED62EF3A9A0}.Debug|x64.ActiveCfg = Debug|Any CPU
		{F183F6CC-BEB6-4071-A1A2-0ED62EF3A9A0}.Debug|x64.Build.0 = Debug|Any CPU
		{F183F6CC-BEB6-4071-A1A2-0ED62EF3A9A0}.Debug|x86.ActiveCfg = Debug|Any CPU
		{F183F6CC-BEB6-4071-A1A2-0ED62EF3A9A0}.Debug|x86.Build.0 = Debug|Any CPU
		{F183F6CC-BEB6-4071-A1A2-0ED62EF3A9A0}.Release|Any CPU.ActiveCfg = Release|Any CPU
		{F183F6CC-BEB6-4071-A1A2-0ED62EF3A9A0}.Release|Any CPU.Build.0 = Release|Any CPU
		{F183F6CC-BEB6-4071-A1A2-0ED62EF3A9A0}.Release|x64.ActiveCfg = Release|Any CPU
		{F183F6CC-BEB6-4071-A1A2-0ED62EF3A9A0}.Release|x64.Build.0 = Release|Any CPU
		{F183F6CC-BEB6-4071-A1A2-0ED62EF3A9A0}.Release|x86.ActiveCfg = Release|Any CPU
		{F183F6CC-BEB6-4071-A1A2-0ED62EF3A9A0}.Release|x86.Build.0 = Release|Any CPU
		{AF5E5620-99AD-4E48-B301-F05D80907586}.Debug|Any CPU.ActiveCfg = Debug|Any CPU
		{AF5E5620-99AD-4E48-B301-F05D80907586}.Debug|Any CPU.Build.0 = Debug|Any CPU
		{AF5E5620-99AD-4E48-B301-F05D80907586}.Debug|x64.ActiveCfg = Debug|Any CPU
		{AF5E5620-99AD-4E48-B301-F05D80907586}.Debug|x64.Build.0 = Debug|Any CPU
		{AF5E5620-99AD-4E48-B301-F05D80907586}.Debug|x86.ActiveCfg = Debug|Any CPU
		{AF5E5620-99AD-4E48-B301-F05D80907586}.Debug|x86.Build.0 = Debug|Any CPU
		{AF5E5620-99AD-4E48-B301-F05D80907586}.Release|Any CPU.ActiveCfg = Release|Any CPU
		{AF5E5620-99AD-4E48-B301-F05D80907586}.Release|Any CPU.Build.0 = Release|Any CPU
		{AF5E5620-99AD-4E48-B301-F05D80907586}.Release|x64.ActiveCfg = Release|Any CPU
		{AF5E5620-99AD-4E48-B301-F05D80907586}.Release|x64.Build.0 = Release|Any CPU
		{AF5E5620-99AD-4E48-B301-F05D80907586}.Release|x86.ActiveCfg = Release|Any CPU
		{AF5E5620-99AD-4E48-B301-F05D80907586}.Release|x86.Build.0 = Release|Any CPU
		{214D1531-4EDD-4B8C-BEC5-3409A3948C9B}.Debug|Any CPU.ActiveCfg = Debug|Any CPU
		{214D1531-4EDD-4B8C-BEC5-3409A3948C9B}.Debug|Any CPU.Build.0 = Debug|Any CPU
		{214D1531-4EDD-4B8C-BEC5-3409A3948C9B}.Debug|x64.ActiveCfg = Debug|Any CPU
		{214D1531-4EDD-4B8C-BEC5-3409A3948C9B}.Debug|x64.Build.0 = Debug|Any CPU
		{214D1531-4EDD-4B8C-BEC5-3409A3948C9B}.Debug|x86.ActiveCfg = Debug|Any CPU
		{214D1531-4EDD-4B8C-BEC5-3409A3948C9B}.Debug|x86.Build.0 = Debug|Any CPU
		{214D1531-4EDD-4B8C-BEC5-3409A3948C9B}.Release|Any CPU.ActiveCfg = Release|Any CPU
		{214D1531-4EDD-4B8C-BEC5-3409A3948C9B}.Release|Any CPU.Build.0 = Release|Any CPU
		{214D1531-4EDD-4B8C-BEC5-3409A3948C9B}.Release|x64.ActiveCfg = Release|Any CPU
		{214D1531-4EDD-4B8C-BEC5-3409A3948C9B}.Release|x64.Build.0 = Release|Any CPU
		{214D1531-4EDD-4B8C-BEC5-3409A3948C9B}.Release|x86.ActiveCfg = Release|Any CPU
		{214D1531-4EDD-4B8C-BEC5-3409A3948C9B}.Release|x86.Build.0 = Release|Any CPU
		{193CF200-0236-48F3-8C0B-FB0BDADAD911}.Debug|Any CPU.ActiveCfg = Debug|Any CPU
		{193CF200-0236-48F3-8C0B-FB0BDADAD911}.Debug|Any CPU.Build.0 = Debug|Any CPU
		{193CF200-0236-48F3-8C0B-FB0BDADAD911}.Debug|x64.ActiveCfg = Debug|Any CPU
		{193CF200-0236-48F3-8C0B-FB0BDADAD911}.Debug|x64.Build.0 = Debug|Any CPU
		{193CF200-0236-48F3-8C0B-FB0BDADAD911}.Debug|x86.ActiveCfg = Debug|Any CPU
		{193CF200-0236-48F3-8C0B-FB0BDADAD911}.Debug|x86.Build.0 = Debug|Any CPU
		{193CF200-0236-48F3-8C0B-FB0BDADAD911}.Release|Any CPU.ActiveCfg = Release|Any CPU
		{193CF200-0236-48F3-8C0B-FB0BDADAD911}.Release|Any CPU.Build.0 = Release|Any CPU
		{193CF200-0236-48F3-8C0B-FB0BDADAD911}.Release|x64.ActiveCfg = Release|Any CPU
		{193CF200-0236-48F3-8C0B-FB0BDADAD911}.Release|x64.Build.0 = Release|Any CPU
		{193CF200-0236-48F3-8C0B-FB0BDADAD911}.Release|x86.ActiveCfg = Release|Any CPU
		{193CF200-0236-48F3-8C0B-FB0BDADAD911}.Release|x86.Build.0 = Release|Any CPU
		{1271A470-7AD0-412D-815A-B8550F545C4C}.Debug|Any CPU.ActiveCfg = Debug|Any CPU
		{1271A470-7AD0-412D-815A-B8550F545C4C}.Debug|Any CPU.Build.0 = Debug|Any CPU
		{1271A470-7AD0-412D-815A-B8550F545C4C}.Debug|x64.ActiveCfg = Debug|Any CPU
		{1271A470-7AD0-412D-815A-B8550F545C4C}.Debug|x64.Build.0 = Debug|Any CPU
		{1271A470-7AD0-412D-815A-B8550F545C4C}.Debug|x86.ActiveCfg = Debug|Any CPU
		{1271A470-7AD0-412D-815A-B8550F545C4C}.Debug|x86.Build.0 = Debug|Any CPU
		{1271A470-7AD0-412D-815A-B8550F545C4C}.Release|Any CPU.ActiveCfg = Release|Any CPU
		{1271A470-7AD0-412D-815A-B8550F545C4C}.Release|Any CPU.Build.0 = Release|Any CPU
		{1271A470-7AD0-412D-815A-B8550F545C4C}.Release|x64.ActiveCfg = Release|Any CPU
		{1271A470-7AD0-412D-815A-B8550F545C4C}.Release|x64.Build.0 = Release|Any CPU
		{1271A470-7AD0-412D-815A-B8550F545C4C}.Release|x86.ActiveCfg = Release|Any CPU
		{1271A470-7AD0-412D-815A-B8550F545C4C}.Release|x86.Build.0 = Release|Any CPU
		{9EF4027E-CE35-47BF-911A-4B648F2B78AC}.Debug|Any CPU.ActiveCfg = Debug|Any CPU
		{9EF4027E-CE35-47BF-911A-4B648F2B78AC}.Debug|Any CPU.Build.0 = Debug|Any CPU
		{9EF4027E-CE35-47BF-911A-4B648F2B78AC}.Debug|x64.ActiveCfg = Debug|Any CPU
		{9EF4027E-CE35-47BF-911A-4B648F2B78AC}.Debug|x64.Build.0 = Debug|Any CPU
		{9EF4027E-CE35-47BF-911A-4B648F2B78AC}.Debug|x86.ActiveCfg = Debug|Any CPU
		{9EF4027E-CE35-47BF-911A-4B648F2B78AC}.Debug|x86.Build.0 = Debug|Any CPU
		{9EF4027E-CE35-47BF-911A-4B648F2B78AC}.Release|Any CPU.ActiveCfg = Release|Any CPU
		{9EF4027E-CE35-47BF-911A-4B648F2B78AC}.Release|Any CPU.Build.0 = Release|Any CPU
		{9EF4027E-CE35-47BF-911A-4B648F2B78AC}.Release|x64.ActiveCfg = Release|Any CPU
		{9EF4027E-CE35-47BF-911A-4B648F2B78AC}.Release|x64.Build.0 = Release|Any CPU
		{9EF4027E-CE35-47BF-911A-4B648F2B78AC}.Release|x86.ActiveCfg = Release|Any CPU
		{9EF4027E-CE35-47BF-911A-4B648F2B78AC}.Release|x86.Build.0 = Release|Any CPU
		{A95E604A-E680-4001-88D2-BE6DA864A840}.Debug|Any CPU.ActiveCfg = Debug|Any CPU
		{A95E604A-E680-4001-88D2-BE6DA864A840}.Debug|Any CPU.Build.0 = Debug|Any CPU
		{A95E604A-E680-4001-88D2-BE6DA864A840}.Debug|x64.ActiveCfg = Debug|Any CPU
		{A95E604A-E680-4001-88D2-BE6DA864A840}.Debug|x64.Build.0 = Debug|Any CPU
		{A95E604A-E680-4001-88D2-BE6DA864A840}.Debug|x86.ActiveCfg = Debug|Any CPU
		{A95E604A-E680-4001-88D2-BE6DA864A840}.Debug|x86.Build.0 = Debug|Any CPU
		{A95E604A-E680-4001-88D2-BE6DA864A840}.Release|Any CPU.ActiveCfg = Release|Any CPU
		{A95E604A-E680-4001-88D2-BE6DA864A840}.Release|Any CPU.Build.0 = Release|Any CPU
		{A95E604A-E680-4001-88D2-BE6DA864A840}.Release|x64.ActiveCfg = Release|Any CPU
		{A95E604A-E680-4001-88D2-BE6DA864A840}.Release|x64.Build.0 = Release|Any CPU
		{A95E604A-E680-4001-88D2-BE6DA864A840}.Release|x86.ActiveCfg = Release|Any CPU
		{A95E604A-E680-4001-88D2-BE6DA864A840}.Release|x86.Build.0 = Release|Any CPU
		{A541F154-EDC7-46DF-BD35-00AE9A0FB9EE}.Debug|Any CPU.ActiveCfg = Debug|Any CPU
		{A541F154-EDC7-46DF-BD35-00AE9A0FB9EE}.Debug|Any CPU.Build.0 = Debug|Any CPU
		{A541F154-EDC7-46DF-BD35-00AE9A0FB9EE}.Debug|x64.ActiveCfg = Debug|Any CPU
		{A541F154-EDC7-46DF-BD35-00AE9A0FB9EE}.Debug|x64.Build.0 = Debug|Any CPU
		{A541F154-EDC7-46DF-BD35-00AE9A0FB9EE}.Debug|x86.ActiveCfg = Debug|Any CPU
		{A541F154-EDC7-46DF-BD35-00AE9A0FB9EE}.Debug|x86.Build.0 = Debug|Any CPU
		{A541F154-EDC7-46DF-BD35-00AE9A0FB9EE}.Release|Any CPU.ActiveCfg = Release|Any CPU
		{A541F154-EDC7-46DF-BD35-00AE9A0FB9EE}.Release|Any CPU.Build.0 = Release|Any CPU
		{A541F154-EDC7-46DF-BD35-00AE9A0FB9EE}.Release|x64.ActiveCfg = Release|Any CPU
		{A541F154-EDC7-46DF-BD35-00AE9A0FB9EE}.Release|x64.Build.0 = Release|Any CPU
		{A541F154-EDC7-46DF-BD35-00AE9A0FB9EE}.Release|x86.ActiveCfg = Release|Any CPU
		{A541F154-EDC7-46DF-BD35-00AE9A0FB9EE}.Release|x86.Build.0 = Release|Any CPU
		{2A7C3351-4133-4A0E-B4DB-C2803ABE6802}.Debug|Any CPU.ActiveCfg = Debug|Any CPU
		{2A7C3351-4133-4A0E-B4DB-C2803ABE6802}.Debug|Any CPU.Build.0 = Debug|Any CPU
		{2A7C3351-4133-4A0E-B4DB-C2803ABE6802}.Debug|x64.ActiveCfg = Debug|Any CPU
		{2A7C3351-4133-4A0E-B4DB-C2803ABE6802}.Debug|x64.Build.0 = Debug|Any CPU
		{2A7C3351-4133-4A0E-B4DB-C2803ABE6802}.Debug|x86.ActiveCfg = Debug|Any CPU
		{2A7C3351-4133-4A0E-B4DB-C2803ABE6802}.Debug|x86.Build.0 = Debug|Any CPU
		{2A7C3351-4133-4A0E-B4DB-C2803ABE6802}.Release|Any CPU.ActiveCfg = Release|Any CPU
		{2A7C3351-4133-4A0E-B4DB-C2803ABE6802}.Release|Any CPU.Build.0 = Release|Any CPU
		{2A7C3351-4133-4A0E-B4DB-C2803ABE6802}.Release|x64.ActiveCfg = Release|Any CPU
		{2A7C3351-4133-4A0E-B4DB-C2803ABE6802}.Release|x64.Build.0 = Release|Any CPU
		{2A7C3351-4133-4A0E-B4DB-C2803ABE6802}.Release|x86.ActiveCfg = Release|Any CPU
		{2A7C3351-4133-4A0E-B4DB-C2803ABE6802}.Release|x86.Build.0 = Release|Any CPU
	EndGlobalSection
	GlobalSection(SolutionProperties) = preSolution
		HideSolutionNode = FALSE
	EndGlobalSection
	GlobalSection(NestedProjects) = preSolution
		{EAFAFA1D-8582-4FC5-9E65-9577830FDDD3} = {827E0CD3-B72D-47B6-A68D-7590B98EB39B}
		{C869C6D9-F8AB-4CEE-AD14-1515EFB4AE0B} = {827E0CD3-B72D-47B6-A68D-7590B98EB39B}
		{F183F6CC-BEB6-4071-A1A2-0ED62EF3A9A0} = {827E0CD3-B72D-47B6-A68D-7590B98EB39B}
		{AF5E5620-99AD-4E48-B301-F05D80907586} = {827E0CD3-B72D-47B6-A68D-7590B98EB39B}
		{214D1531-4EDD-4B8C-BEC5-3409A3948C9B} = {0AB3BF05-4346-4AA6-1389-037BE0695223}
		{193CF200-0236-48F3-8C0B-FB0BDADAD911} = {0AB3BF05-4346-4AA6-1389-037BE0695223}
		{1271A470-7AD0-412D-815A-B8550F545C4C} = {0AB3BF05-4346-4AA6-1389-037BE0695223}
		{9EF4027E-CE35-47BF-911A-4B648F2B78AC} = {0AB3BF05-4346-4AA6-1389-037BE0695223}
		{A95E604A-E680-4001-88D2-BE6DA864A840} = {0AB3BF05-4346-4AA6-1389-037BE0695223}
		{A541F154-EDC7-46DF-BD35-00AE9A0FB9EE} = {0AB3BF05-4346-4AA6-1389-037BE0695223}
		{2A7C3351-4133-4A0E-B4DB-C2803ABE6802} = {5D20AA90-6969-D8BD-9DCD-8634F4692FDA}
	EndGlobalSection
EndGlobal
